
Microsoft Visual Studio Solution File, Format Version 12.00
# Visual Studio 2012
Project("{8BC9CEB8-8B4A-11D0-8D11-00A0C91BC942}") = "Sqrt_X", "MatrixChainMultiplicationProblem\MatrixChainMultiplicationProblem.vcxproj", "{26B439CE-CA10-443D-9746-91A35AA80A4A}"
EndProject
Project("{8BC9CEB8-8B4A-11D0-8D11-00A0C91BC942}") = "MatrixChainMultiplication", "MatrixChainMultiplication\MatrixChainMultiplication.vcxproj", "{9766B124-F15E-4C7A-9B94-F2D5C9D5B3DA}"
EndProject
Project("{8BC9CEB8-8B4A-11D0-8D11-00A0C91BC942}") = "LongestCommonSubsequenceProblem", "LongestCommonSubsequenceProblem\LongestCommonSubsequenceProblem.vcxproj", "{985EAAB9-6E49-4DC3-9A46-5175BC0943AE}"
EndProject
Project("{8BC9CEB8-8B4A-11D0-8D11-00A0C91BC942}") = "LongestPalindromeSubstring", "LongestPalindromeSubstring\LongestPalindromeSubstring.vcxproj", "{5E715481-8266-4763-842C-162F3E74D956}"
EndProject
Project("{8BC9CEB8-8B4A-11D0-8D11-00A0C91BC942}") = "BitonicToursEuclideanTravelingSalesman", "BitonicToursEuclideanTravelingSalesman\BitonicToursEuclideanTravelingSalesman.vcxproj", "{362379A5-F2B4-4D95-B4CB-FF5118C8F40F}"
EndProject
Project("{8BC9CEB8-8B4A-11D0-8D11-00A0C91BC942}") = "Trie", "Trie\Trie.vcxproj", "{A156A958-FA77-4492-951E-AA50E4E9529A}"
EndProject
Project("{8BC9CEB8-8B4A-11D0-8D11-00A0C91BC942}") = "MineSweeper", "MineSweeper\MineSweeper.vcxproj", "{B7A2861E-8193-4DA6-8371-6C2A5E781884}"
EndProject
Project("{8BC9CEB8-8B4A-11D0-8D11-00A0C91BC942}") = "BorkenCalculator", "BorkenCalculator\BorkenCalculator.vcxproj", "{4C2C49A2-C25C-44B8-BE8C-DBC96D0A16EE}"
EndProject
Global
	GlobalSection(SolutionConfigurationPlatforms) = preSolution
		Debug|Win32 = Debug|Win32
		Release|Win32 = Release|Win32
	EndGlobalSection
	GlobalSection(ProjectConfigurationPlatforms) = postSolution
		{26B439CE-CA10-443D-9746-91A35AA80A4A}.Debug|Win32.ActiveCfg = Debug|Win32
		{26B439CE-CA10-443D-9746-91A35AA80A4A}.Debug|Win32.Build.0 = Debug|Win32
		{26B439CE-CA10-443D-9746-91A35AA80A4A}.Release|Win32.ActiveCfg = Release|Win32
		{26B439CE-CA10-443D-9746-91A35AA80A4A}.Release|Win32.Build.0 = Release|Win32
		{9766B124-F15E-4C7A-9B94-F2D5C9D5B3DA}.Debug|Win32.ActiveCfg = Debug|Win32
		{9766B124-F15E-4C7A-9B94-F2D5C9D5B3DA}.Debug|Win32.Build.0 = Debug|Win32
		{9766B124-F15E-4C7A-9B94-F2D5C9D5B3DA}.Release|Win32.ActiveCfg = Release|Win32
		{9766B124-F15E-4C7A-9B94-F2D5C9D5B3DA}.Release|Win32.Build.0 = Release|Win32
		{985EAAB9-6E49-4DC3-9A46-5175BC0943AE}.Debug|Win32.ActiveCfg = Debug|Win32
		{985EAAB9-6E49-4DC3-9A46-5175BC0943AE}.Debug|Win32.Build.0 = Debug|Win32
		{985EAAB9-6E49-4DC3-9A46-5175BC0943AE}.Release|Win32.ActiveCfg = Release|Win32
		{985EAAB9-6E49-4DC3-9A46-5175BC0943AE}.Release|Win32.Build.0 = Release|Win32
		{5E715481-8266-4763-842C-162F3E74D956}.Debug|Win32.ActiveCfg = Debug|Win32
		{5E715481-8266-4763-842C-162F3E74D956}.Debug|Win32.Build.0 = Debug|Win32
		{5E715481-8266-4763-842C-162F3E74D956}.Release|Win32.ActiveCfg = Release|Win32
		{5E715481-8266-4763-842C-162F3E74D956}.Release|Win32.Build.0 = Release|Win32
		{362379A5-F2B4-4D95-B4CB-FF5118C8F40F}.Debug|Win32.ActiveCfg = Debug|Win32
		{362379A5-F2B4-4D95-B4CB-FF5118C8F40F}.Debug|Win32.Build.0 = Debug|Win32
		{362379A5-F2B4-4D95-B4CB-FF5118C8F40F}.Release|Win32.ActiveCfg = Release|Win32
		{362379A5-F2B4-4D95-B4CB-FF5118C8F40F}.Release|Win32.Build.0 = Release|Win32
		{A156A958-FA77-4492-951E-AA50E4E9529A}.Debug|Win32.ActiveCfg = Debug|Win32
		{A156A958-FA77-4492-951E-AA50E4E9529A}.Debug|Win32.Build.0 = Debug|Win32
		{A156A958-FA77-4492-951E-AA50E4E9529A}.Release|Win32.ActiveCfg = Release|Win32
		{A156A958-FA77-4492-951E-AA50E4E9529A}.Release|Win32.Build.0 = Release|Win32
		{B7A2861E-8193-4DA6-8371-6C2A5E781884}.Debug|Win32.ActiveCfg = Debug|Win32
		{B7A2861E-8193-4DA6-8371-6C2A5E781884}.Debug|Win32.Build.0 = Debug|Win32
		{B7A2861E-8193-4DA6-8371-6C2A5E781884}.Release|Win32.ActiveCfg = Release|Win32
		{B7A2861E-8193-4DA6-8371-6C2A5E781884}.Release|Win32.Build.0 = Release|Win32
		{4C2C49A2-C25C-44B8-BE8C-DBC96D0A16EE}.Debug|Win32.ActiveCfg = Debug|Win32
		{4C2C49A2-C25C-44B8-BE8C-DBC96D0A16EE}.Debug|Win32.Build.0 = Debug|Win32
		{4C2C49A2-C25C-44B8-BE8C-DBC96D0A16EE}.Release|Win32.ActiveCfg = Release|Win32
		{4C2C49A2-C25C-44B8-BE8C-DBC96D0A16EE}.Release|Win32.Build.0 = Release|Win32
	EndGlobalSection
	GlobalSection(SolutionProperties) = preSolution
		HideSolutionNode = FALSE
	EndGlobalSection
EndGlobal
