
Microsoft Visual Studio Solution File, Format Version 12.00
# Visual Studio 2012
Project("{8BC9CEB8-8B4A-11D0-8D11-00A0C91BC942}") = "ClimbingStairs", "ClimbingStairs\ClimbingStairs.vcxproj", "{C3B0EDC8-27B1-466E-A869-7D7E91B0FCCD}"
EndProject
Project("{8BC9CEB8-8B4A-11D0-8D11-00A0C91BC942}") = "SwapNodesinPairs", "SwapNodesinPairs\SwapNodesinPairs.vcxproj", "{4348C0FD-0AEC-44E8-A963-FDD183D3B212}"
EndProject
Project("{8BC9CEB8-8B4A-11D0-8D11-00A0C91BC942}") = "LRUCache", "LRUCache\LRUCache.vcxproj", "{14831901-30AD-40A3-91E8-112A27DB29CD}"
EndProject
Project("{8BC9CEB8-8B4A-11D0-8D11-00A0C91BC942}") = "MaximumProductSubarray", "MaximumProductSubarray\MaximumProductSubarray.vcxproj", "{CCAC4910-6B4D-4EEF-A70D-9980C08BFF40}"
EndProject
Project("{8BC9CEB8-8B4A-11D0-8D11-00A0C91BC942}") = "TwoSum", "TwoSum\TwoSum.vcxproj", "{5DAFB79F-337E-45F2-B3EC-028D279B47B9}"
EndProject
Project("{8BC9CEB8-8B4A-11D0-8D11-00A0C91BC942}") = "MedianOfTwoSortedArrays", "MedianOfTwoSortedArrays\MedianOfTwoSortedArrays.vcxproj", "{3C2A2E39-DB54-4F33-AE5A-0F6A73C8838E}"
EndProject
Project("{8BC9CEB8-8B4A-11D0-8D11-00A0C91BC942}") = "AddTwoNumbers", "AddTwoNumbers\AddTwoNumbers.vcxproj", "{DB3B4750-ADBC-46C8-A3BB-6F6DEA1C7B9F}"
EndProject
Project("{8BC9CEB8-8B4A-11D0-8D11-00A0C91BC942}") = "LongestPalindromicSubstring", "LongestPalindromicSubstring\LongestPalindromicSubstring.vcxproj", "{1174598E-1A38-4FAF-9600-FCE47999CF65}"
EndProject
Project("{8BC9CEB8-8B4A-11D0-8D11-00A0C91BC942}") = "ZigZagConversion", "ZigZagConversion\ZigZagConversion.vcxproj", "{243FC67C-8BFC-40C5-BE94-1C3410C543DE}"
EndProject
Project("{8BC9CEB8-8B4A-11D0-8D11-00A0C91BC942}") = "ReverseInteger", "ReverseInteger\ReverseInteger.vcxproj", "{EF7002CA-F3E4-49DA-8B1B-8D11A4B984FA}"
EndProject
Project("{8BC9CEB8-8B4A-11D0-8D11-00A0C91BC942}") = "StringToInteger", "StringToInteger\StringToInteger.vcxproj", "{8E575F1A-72A2-4B3E-A64A-15C63DE9DD7D}"
EndProject
Global
	GlobalSection(SolutionConfigurationPlatforms) = preSolution
		Debug|Win32 = Debug|Win32
		Release|Win32 = Release|Win32
	EndGlobalSection
	GlobalSection(ProjectConfigurationPlatforms) = postSolution
		{C3B0EDC8-27B1-466E-A869-7D7E91B0FCCD}.Debug|Win32.ActiveCfg = Debug|Win32
		{C3B0EDC8-27B1-466E-A869-7D7E91B0FCCD}.Debug|Win32.Build.0 = Debug|Win32
		{C3B0EDC8-27B1-466E-A869-7D7E91B0FCCD}.Release|Win32.ActiveCfg = Release|Win32
		{C3B0EDC8-27B1-466E-A869-7D7E91B0FCCD}.Release|Win32.Build.0 = Release|Win32
		{4348C0FD-0AEC-44E8-A963-FDD183D3B212}.Debug|Win32.ActiveCfg = Debug|Win32
		{4348C0FD-0AEC-44E8-A963-FDD183D3B212}.Debug|Win32.Build.0 = Debug|Win32
		{4348C0FD-0AEC-44E8-A963-FDD183D3B212}.Release|Win32.ActiveCfg = Release|Win32
		{4348C0FD-0AEC-44E8-A963-FDD183D3B212}.Release|Win32.Build.0 = Release|Win32
		{14831901-30AD-40A3-91E8-112A27DB29CD}.Debug|Win32.ActiveCfg = Debug|Win32
		{14831901-30AD-40A3-91E8-112A27DB29CD}.Debug|Win32.Build.0 = Debug|Win32
		{14831901-30AD-40A3-91E8-112A27DB29CD}.Release|Win32.ActiveCfg = Release|Win32
		{14831901-30AD-40A3-91E8-112A27DB29CD}.Release|Win32.Build.0 = Release|Win32
		{CCAC4910-6B4D-4EEF-A70D-9980C08BFF40}.Debug|Win32.ActiveCfg = Debug|Win32
		{CCAC4910-6B4D-4EEF-A70D-9980C08BFF40}.Debug|Win32.Build.0 = Debug|Win32
		{CCAC4910-6B4D-4EEF-A70D-9980C08BFF40}.Release|Win32.ActiveCfg = Release|Win32
		{CCAC4910-6B4D-4EEF-A70D-9980C08BFF40}.Release|Win32.Build.0 = Release|Win32
		{5DAFB79F-337E-45F2-B3EC-028D279B47B9}.Debug|Win32.ActiveCfg = Debug|Win32
		{5DAFB79F-337E-45F2-B3EC-028D279B47B9}.Debug|Win32.Build.0 = Debug|Win32
		{5DAFB79F-337E-45F2-B3EC-028D279B47B9}.Release|Win32.ActiveCfg = Release|Win32
		{5DAFB79F-337E-45F2-B3EC-028D279B47B9}.Release|Win32.Build.0 = Release|Win32
		{3C2A2E39-DB54-4F33-AE5A-0F6A73C8838E}.Debug|Win32.ActiveCfg = Debug|Win32
		{3C2A2E39-DB54-4F33-AE5A-0F6A73C8838E}.Debug|Win32.Build.0 = Debug|Win32
		{3C2A2E39-DB54-4F33-AE5A-0F6A73C8838E}.Release|Win32.ActiveCfg = Release|Win32
		{3C2A2E39-DB54-4F33-AE5A-0F6A73C8838E}.Release|Win32.Build.0 = Release|Win32
		{DB3B4750-ADBC-46C8-A3BB-6F6DEA1C7B9F}.Debug|Win32.ActiveCfg = Debug|Win32
		{DB3B4750-ADBC-46C8-A3BB-6F6DEA1C7B9F}.Debug|Win32.Build.0 = Debug|Win32
		{DB3B4750-ADBC-46C8-A3BB-6F6DEA1C7B9F}.Release|Win32.ActiveCfg = Release|Win32
		{DB3B4750-ADBC-46C8-A3BB-6F6DEA1C7B9F}.Release|Win32.Build.0 = Release|Win32
		{1174598E-1A38-4FAF-9600-FCE47999CF65}.Debug|Win32.ActiveCfg = Debug|Win32
		{1174598E-1A38-4FAF-9600-FCE47999CF65}.Debug|Win32.Build.0 = Debug|Win32
		{1174598E-1A38-4FAF-9600-FCE47999CF65}.Release|Win32.ActiveCfg = Release|Win32
		{1174598E-1A38-4FAF-9600-FCE47999CF65}.Release|Win32.Build.0 = Release|Win32
		{243FC67C-8BFC-40C5-BE94-1C3410C543DE}.Debug|Win32.ActiveCfg = Debug|Win32
		{243FC67C-8BFC-40C5-BE94-1C3410C543DE}.Debug|Win32.Build.0 = Debug|Win32
		{243FC67C-8BFC-40C5-BE94-1C3410C543DE}.Release|Win32.ActiveCfg = Release|Win32
		{243FC67C-8BFC-40C5-BE94-1C3410C543DE}.Release|Win32.Build.0 = Release|Win32
		{EF7002CA-F3E4-49DA-8B1B-8D11A4B984FA}.Debug|Win32.ActiveCfg = Debug|Win32
		{EF7002CA-F3E4-49DA-8B1B-8D11A4B984FA}.Debug|Win32.Build.0 = Debug|Win32
		{EF7002CA-F3E4-49DA-8B1B-8D11A4B984FA}.Release|Win32.ActiveCfg = Release|Win32
		{EF7002CA-F3E4-49DA-8B1B-8D11A4B984FA}.Release|Win32.Build.0 = Release|Win32
		{8E575F1A-72A2-4B3E-A64A-15C63DE9DD7D}.Debug|Win32.ActiveCfg = Debug|Win32
		{8E575F1A-72A2-4B3E-A64A-15C63DE9DD7D}.Debug|Win32.Build.0 = Debug|Win32
		{8E575F1A-72A2-4B3E-A64A-15C63DE9DD7D}.Release|Win32.ActiveCfg = Release|Win32
		{8E575F1A-72A2-4B3E-A64A-15C63DE9DD7D}.Release|Win32.Build.0 = Release|Win32
	EndGlobalSection
	GlobalSection(SolutionProperties) = preSolution
		HideSolutionNode = FALSE
	EndGlobalSection
EndGlobal
