
Microsoft Visual Studio Solution File, Format Version 12.00
# Visual Studio 14
VisualStudioVersion = 14.0.22129.1
MinimumVisualStudioVersion = 10.0.40219.1
Project("{8BC9CEB8-8B4A-11D0-8D11-00A0C91BC942}") = "ClimbingStairs", "ClimbingStairs\ClimbingStairs.vcxproj", "{C3B0EDC8-27B1-466E-A869-7D7E91B0FCCD}"
EndProject
Project("{8BC9CEB8-8B4A-11D0-8D11-00A0C91BC942}") = "SwapNodesinPairs", "SwapNodesinPairs\SwapNodesinPairs.vcxproj", "{4348C0FD-0AEC-44E8-A963-FDD183D3B212}"
EndProject
Project("{8BC9CEB8-8B4A-11D0-8D11-00A0C91BC942}") = "LRUCache", "LRUCache\LRUCache.vcxproj", "{14831901-30AD-40A3-91E8-112A27DB29CD}"
EndProject
Project("{8BC9CEB8-8B4A-11D0-8D11-00A0C91BC942}") = "MaximumProductSubarray", "MaximumProductSubarray\MaximumProductSubarray.vcxproj", "{CCAC4910-6B4D-4EEF-A70D-9980C08BFF40}"
EndProject
Project("{8BC9CEB8-8B4A-11D0-8D11-00A0C91BC942}") = "TwoSum", "TwoSum\TwoSum.vcxproj", "{5DAFB79F-337E-45F2-B3EC-028D279B47B9}"
EndProject
Project("{8BC9CEB8-8B4A-11D0-8D11-00A0C91BC942}") = "MedianOfTwoSortedArrays", "MedianOfTwoSortedArrays\MedianOfTwoSortedArrays.vcxproj", "{3C2A2E39-DB54-4F33-AE5A-0F6A73C8838E}"
EndProject
Project("{8BC9CEB8-8B4A-11D0-8D11-00A0C91BC942}") = "AddTwoNumbers", "AddTwoNumbers\AddTwoNumbers.vcxproj", "{DB3B4750-ADBC-46C8-A3BB-6F6DEA1C7B9F}"
EndProject
Project("{8BC9CEB8-8B4A-11D0-8D11-00A0C91BC942}") = "LongestPalindromicSubstring", "LongestPalindromicSubstring\LongestPalindromicSubstring.vcxproj", "{1174598E-1A38-4FAF-9600-FCE47999CF65}"
EndProject
Project("{8BC9CEB8-8B4A-11D0-8D11-00A0C91BC942}") = "ZigZagConversion", "ZigZagConversion\ZigZagConversion.vcxproj", "{243FC67C-8BFC-40C5-BE94-1C3410C543DE}"
EndProject
Project("{8BC9CEB8-8B4A-11D0-8D11-00A0C91BC942}") = "ReverseInteger", "ReverseInteger\ReverseInteger.vcxproj", "{EF7002CA-F3E4-49DA-8B1B-8D11A4B984FA}"
EndProject
Project("{8BC9CEB8-8B4A-11D0-8D11-00A0C91BC942}") = "StringToInteger", "StringToInteger\StringToInteger.vcxproj", "{8E575F1A-72A2-4B3E-A64A-15C63DE9DD7D}"
EndProject
Project("{8BC9CEB8-8B4A-11D0-8D11-00A0C91BC942}") = "RegularExpressionMatching", "RegularExpressionMatching\RegularExpressionMatching.vcxproj", "{8913461B-8C71-48E6-84BA-E6690A5BF63B}"
EndProject
Project("{8BC9CEB8-8B4A-11D0-8D11-00A0C91BC942}") = "ContainerWithMostWater", "ContainerWithMostWater\ContainerWithMostWater.vcxproj", "{0E64E8CB-C66E-4C2D-BED3-337BBEB14F3C}"
EndProject
Project("{8BC9CEB8-8B4A-11D0-8D11-00A0C91BC942}") = "3Sum", "3Sum\3Sum.vcxproj", "{831F7FB8-3AE2-4E09-A26E-E0E1B8B71703}"
EndProject
Project("{8BC9CEB8-8B4A-11D0-8D11-00A0C91BC942}") = "3SumClosest", "3SumClosest\3SumClosest.vcxproj", "{AC0A8FFC-7DD1-41C8-974C-9B0F97AAE808}"
EndProject
Project("{8BC9CEB8-8B4A-11D0-8D11-00A0C91BC942}") = "LongestCommonPrefix", "LongestCommonPrefix\LongestCommonPrefix.vcxproj", "{A1319AC0-7778-4E4D-A6AF-CDA89C2B1AAD}"
EndProject
Project("{8BC9CEB8-8B4A-11D0-8D11-00A0C91BC942}") = "LetterCombinationsOfaPhoneNumber", "LetterCombinationsOfaPhoneNumber\LetterCombinationsOfaPhoneNumber.vcxproj", "{E7FDE3CB-6887-46B1-BCB9-2E4F217E3AA0}"
EndProject
Project("{8BC9CEB8-8B4A-11D0-8D11-00A0C91BC942}") = "RemoveNthNodeFromEndOfList", "RemoveNthNodeFromEndOfList\RemoveNthNodeFromEndOfList.vcxproj", "{802F9278-9FC5-4997-B42B-B763B55D1609}"
EndProject
Project("{8BC9CEB8-8B4A-11D0-8D11-00A0C91BC942}") = "ValidParentheses", "ValidParentheses\ValidParentheses.vcxproj", "{E886C5B6-005A-4E79-A0C1-0D4B201E0D4A}"
EndProject
Project("{8BC9CEB8-8B4A-11D0-8D11-00A0C91BC942}") = "BinaryTreeLevelOrderTraversal", "BinaryTreeLevelOrderTraversal\BinaryTreeLevelOrderTraversal.vcxproj", "{9BCF3D8D-231A-44B8-A46D-10D041689976}"
EndProject
Project("{8BC9CEB8-8B4A-11D0-8D11-00A0C91BC942}") = "BinaryTreeLevelOrderTraversal_II", "BinaryTreeLevelOrderTraversal_II\BinaryTreeLevelOrderTraversal_II.vcxproj", "{CD80BB4B-A761-4C3A-B87A-79DE680C0ABB}"
EndProject
Project("{8BC9CEB8-8B4A-11D0-8D11-00A0C91BC942}") = "BinaryTreeZigZagLevelOrderTraversal", "BinaryTreeZigZagLevelOrderTraversal\BinaryTreeZigZagLevelOrderTraversal.vcxproj", "{44183764-207A-42F6-91AC-F73284A9D046}"
EndProject
Project("{8BC9CEB8-8B4A-11D0-8D11-00A0C91BC942}") = "CloneGraph", "CloneGraph\CloneGraph.vcxproj", "{58EFEC96-874A-4E22-86F4-04B74FB92C62}"
EndProject
Project("{8BC9CEB8-8B4A-11D0-8D11-00A0C91BC942}") = "SurroundedRegions", "SurroundedRegions\SurroundedRegions.vcxproj", "{D7D9BD12-62CB-4297-A4C9-783582AC0841}"
EndProject
Project("{8BC9CEB8-8B4A-11D0-8D11-00A0C91BC942}") = "WordLadder", "WordLadder\WordLadder.vcxproj", "{E50999B0-9B3A-4901-9B2E-A13FB3687167}"
EndProject
Project("{8BC9CEB8-8B4A-11D0-8D11-00A0C91BC942}") = "BinaryTreeMaximumPathSum", "BinaryTreeMaximumPathSum\BinaryTreeMaximumPathSum.vcxproj", "{D7DAC4BF-ADC2-4738-84C9-1649A93CAD62}"
EndProject
Project("{8BC9CEB8-8B4A-11D0-8D11-00A0C91BC942}") = "SingleNumberII", "SingleNumberII\SingleNumberII.vcxproj", "{BCBCAD02-4E30-452B-A01D-2E4EC7D6EBFF}"
EndProject
Project("{8BC9CEB8-8B4A-11D0-8D11-00A0C91BC942}") = "Subsets", "Subsets\Subsets.vcxproj", "{2E55F341-E612-494A-90FE-F184FF41F327}"
EndProject
Project("{8BC9CEB8-8B4A-11D0-8D11-00A0C91BC942}") = "MergeKsortedLists", "MergeKsortedLists\MergeKsortedLists.vcxproj", "{EA9D6892-45B1-47D7-9C41-8400BAB34748}"
EndProject
Project("{8BC9CEB8-8B4A-11D0-8D11-00A0C91BC942}") = "MinimumDepthOfBinaryTree", "MinimumDepthOfBinaryTree\MinimumDepthOfBinaryTree.vcxproj", "{F85160C5-94D4-4FAD-9772-96C261168E92}"
EndProject
Project("{8BC9CEB8-8B4A-11D0-8D11-00A0C91BC942}") = "PathSum", "PathSum\PathSum.vcxproj", "{AFFEB8C1-0B89-48E9-AB2C-DBF0D62DEEBE}"
EndProject
Project("{8BC9CEB8-8B4A-11D0-8D11-00A0C91BC942}") = "UniqueBinarySearchTrees", "UniqueBinarySearchTrees\UniqueBinarySearchTrees.vcxproj", "{A6323F01-9708-45D7-B6C5-33997F7B179E}"
EndProject
Project("{8BC9CEB8-8B4A-11D0-8D11-00A0C91BC942}") = "MinimumPathSUm", "MinimumPathSUm\MinimumPathSUm.vcxproj", "{D8CE1B47-6DC9-4F64-A5A6-4D7C55B63A60}"
EndProject
Project("{8BC9CEB8-8B4A-11D0-8D11-00A0C91BC942}") = "BestTimeToBuyAndSellStock", "BestTimeToBuyAndSellStock\BestTimeToBuyAndSellStock.vcxproj", "{A1ECA5F8-C35B-411A-8585-F014D9C2EF06}"
EndProject
Project("{8BC9CEB8-8B4A-11D0-8D11-00A0C91BC942}") = "DecodeWays", "DecodeWays\DecodeWays.vcxproj", "{BEFFECEE-D4C7-4DA7-BA3B-BB18220F34CB}"
EndProject
Project("{8BC9CEB8-8B4A-11D0-8D11-00A0C91BC942}") = "UniquePaths", "UniquePaths\UniquePaths.vcxproj", "{6BFDD5DF-4777-4461-A863-A87904D5CE6C}"
EndProject
Project("{8BC9CEB8-8B4A-11D0-8D11-00A0C91BC942}") = "UniquePathsII", "UniquePathsII\UniquePathsII.vcxproj", "{904464C9-1993-4DD7-8E62-EC9B42AB9AEB}"
EndProject
Project("{8BC9CEB8-8B4A-11D0-8D11-00A0C91BC942}") = "Triangle", "Triangle\Triangle.vcxproj", "{C982649E-2D19-44D8-A866-7C52CE5E102F}"
EndProject
Project("{8BC9CEB8-8B4A-11D0-8D11-00A0C91BC942}") = "UniqueBinarySearchTreesII", "UniqueBinarySearchTreesII\UniqueBinarySearchTreesII.vcxproj", "{A5662147-B968-412D-A2A5-39EC31A50597}"
EndProject
Global
	GlobalSection(SolutionConfigurationPlatforms) = preSolution
		Debug|ARM = Debug|ARM
		Debug|Win32 = Debug|Win32
		Debug|x64 = Debug|x64
		Release|ARM = Release|ARM
		Release|Win32 = Release|Win32
		Release|x64 = Release|x64
	EndGlobalSection
	GlobalSection(ProjectConfigurationPlatforms) = postSolution
		{C3B0EDC8-27B1-466E-A869-7D7E91B0FCCD}.Debug|ARM.ActiveCfg = Debug|Win32
		{C3B0EDC8-27B1-466E-A869-7D7E91B0FCCD}.Debug|Win32.ActiveCfg = Debug|Win32
		{C3B0EDC8-27B1-466E-A869-7D7E91B0FCCD}.Debug|Win32.Build.0 = Debug|Win32
		{C3B0EDC8-27B1-466E-A869-7D7E91B0FCCD}.Debug|x64.ActiveCfg = Debug|Win32
		{C3B0EDC8-27B1-466E-A869-7D7E91B0FCCD}.Release|ARM.ActiveCfg = Release|Win32
		{C3B0EDC8-27B1-466E-A869-7D7E91B0FCCD}.Release|Win32.ActiveCfg = Release|Win32
		{C3B0EDC8-27B1-466E-A869-7D7E91B0FCCD}.Release|Win32.Build.0 = Release|Win32
		{C3B0EDC8-27B1-466E-A869-7D7E91B0FCCD}.Release|x64.ActiveCfg = Release|Win32
		{4348C0FD-0AEC-44E8-A963-FDD183D3B212}.Debug|ARM.ActiveCfg = Debug|Win32
		{4348C0FD-0AEC-44E8-A963-FDD183D3B212}.Debug|Win32.ActiveCfg = Debug|Win32
		{4348C0FD-0AEC-44E8-A963-FDD183D3B212}.Debug|Win32.Build.0 = Debug|Win32
		{4348C0FD-0AEC-44E8-A963-FDD183D3B212}.Debug|x64.ActiveCfg = Debug|Win32
		{4348C0FD-0AEC-44E8-A963-FDD183D3B212}.Release|ARM.ActiveCfg = Release|Win32
		{4348C0FD-0AEC-44E8-A963-FDD183D3B212}.Release|Win32.ActiveCfg = Release|Win32
		{4348C0FD-0AEC-44E8-A963-FDD183D3B212}.Release|Win32.Build.0 = Release|Win32
		{4348C0FD-0AEC-44E8-A963-FDD183D3B212}.Release|x64.ActiveCfg = Release|Win32
		{14831901-30AD-40A3-91E8-112A27DB29CD}.Debug|ARM.ActiveCfg = Debug|Win32
		{14831901-30AD-40A3-91E8-112A27DB29CD}.Debug|Win32.ActiveCfg = Debug|Win32
		{14831901-30AD-40A3-91E8-112A27DB29CD}.Debug|Win32.Build.0 = Debug|Win32
		{14831901-30AD-40A3-91E8-112A27DB29CD}.Debug|x64.ActiveCfg = Debug|Win32
		{14831901-30AD-40A3-91E8-112A27DB29CD}.Release|ARM.ActiveCfg = Release|Win32
		{14831901-30AD-40A3-91E8-112A27DB29CD}.Release|Win32.ActiveCfg = Release|Win32
		{14831901-30AD-40A3-91E8-112A27DB29CD}.Release|Win32.Build.0 = Release|Win32
		{14831901-30AD-40A3-91E8-112A27DB29CD}.Release|x64.ActiveCfg = Release|Win32
		{CCAC4910-6B4D-4EEF-A70D-9980C08BFF40}.Debug|ARM.ActiveCfg = Debug|Win32
		{CCAC4910-6B4D-4EEF-A70D-9980C08BFF40}.Debug|Win32.ActiveCfg = Debug|Win32
		{CCAC4910-6B4D-4EEF-A70D-9980C08BFF40}.Debug|Win32.Build.0 = Debug|Win32
		{CCAC4910-6B4D-4EEF-A70D-9980C08BFF40}.Debug|x64.ActiveCfg = Debug|Win32
		{CCAC4910-6B4D-4EEF-A70D-9980C08BFF40}.Release|ARM.ActiveCfg = Release|Win32
		{CCAC4910-6B4D-4EEF-A70D-9980C08BFF40}.Release|Win32.ActiveCfg = Release|Win32
		{CCAC4910-6B4D-4EEF-A70D-9980C08BFF40}.Release|Win32.Build.0 = Release|Win32
		{CCAC4910-6B4D-4EEF-A70D-9980C08BFF40}.Release|x64.ActiveCfg = Release|Win32
		{5DAFB79F-337E-45F2-B3EC-028D279B47B9}.Debug|ARM.ActiveCfg = Debug|Win32
		{5DAFB79F-337E-45F2-B3EC-028D279B47B9}.Debug|Win32.ActiveCfg = Debug|Win32
		{5DAFB79F-337E-45F2-B3EC-028D279B47B9}.Debug|Win32.Build.0 = Debug|Win32
		{5DAFB79F-337E-45F2-B3EC-028D279B47B9}.Debug|x64.ActiveCfg = Debug|Win32
		{5DAFB79F-337E-45F2-B3EC-028D279B47B9}.Release|ARM.ActiveCfg = Release|Win32
		{5DAFB79F-337E-45F2-B3EC-028D279B47B9}.Release|Win32.ActiveCfg = Release|Win32
		{5DAFB79F-337E-45F2-B3EC-028D279B47B9}.Release|Win32.Build.0 = Release|Win32
		{5DAFB79F-337E-45F2-B3EC-028D279B47B9}.Release|x64.ActiveCfg = Release|Win32
		{3C2A2E39-DB54-4F33-AE5A-0F6A73C8838E}.Debug|ARM.ActiveCfg = Debug|Win32
		{3C2A2E39-DB54-4F33-AE5A-0F6A73C8838E}.Debug|Win32.ActiveCfg = Debug|Win32
		{3C2A2E39-DB54-4F33-AE5A-0F6A73C8838E}.Debug|Win32.Build.0 = Debug|Win32
		{3C2A2E39-DB54-4F33-AE5A-0F6A73C8838E}.Debug|x64.ActiveCfg = Debug|Win32
		{3C2A2E39-DB54-4F33-AE5A-0F6A73C8838E}.Release|ARM.ActiveCfg = Release|Win32
		{3C2A2E39-DB54-4F33-AE5A-0F6A73C8838E}.Release|Win32.ActiveCfg = Release|Win32
		{3C2A2E39-DB54-4F33-AE5A-0F6A73C8838E}.Release|Win32.Build.0 = Release|Win32
		{3C2A2E39-DB54-4F33-AE5A-0F6A73C8838E}.Release|x64.ActiveCfg = Release|Win32
		{DB3B4750-ADBC-46C8-A3BB-6F6DEA1C7B9F}.Debug|ARM.ActiveCfg = Debug|Win32
		{DB3B4750-ADBC-46C8-A3BB-6F6DEA1C7B9F}.Debug|Win32.ActiveCfg = Debug|Win32
		{DB3B4750-ADBC-46C8-A3BB-6F6DEA1C7B9F}.Debug|Win32.Build.0 = Debug|Win32
		{DB3B4750-ADBC-46C8-A3BB-6F6DEA1C7B9F}.Debug|x64.ActiveCfg = Debug|Win32
		{DB3B4750-ADBC-46C8-A3BB-6F6DEA1C7B9F}.Release|ARM.ActiveCfg = Release|Win32
		{DB3B4750-ADBC-46C8-A3BB-6F6DEA1C7B9F}.Release|Win32.ActiveCfg = Release|Win32
		{DB3B4750-ADBC-46C8-A3BB-6F6DEA1C7B9F}.Release|Win32.Build.0 = Release|Win32
		{DB3B4750-ADBC-46C8-A3BB-6F6DEA1C7B9F}.Release|x64.ActiveCfg = Release|Win32
		{1174598E-1A38-4FAF-9600-FCE47999CF65}.Debug|ARM.ActiveCfg = Debug|Win32
		{1174598E-1A38-4FAF-9600-FCE47999CF65}.Debug|Win32.ActiveCfg = Debug|Win32
		{1174598E-1A38-4FAF-9600-FCE47999CF65}.Debug|Win32.Build.0 = Debug|Win32
		{1174598E-1A38-4FAF-9600-FCE47999CF65}.Debug|x64.ActiveCfg = Debug|Win32
		{1174598E-1A38-4FAF-9600-FCE47999CF65}.Release|ARM.ActiveCfg = Release|Win32
		{1174598E-1A38-4FAF-9600-FCE47999CF65}.Release|Win32.ActiveCfg = Release|Win32
		{1174598E-1A38-4FAF-9600-FCE47999CF65}.Release|Win32.Build.0 = Release|Win32
		{1174598E-1A38-4FAF-9600-FCE47999CF65}.Release|x64.ActiveCfg = Release|Win32
		{243FC67C-8BFC-40C5-BE94-1C3410C543DE}.Debug|ARM.ActiveCfg = Debug|Win32
		{243FC67C-8BFC-40C5-BE94-1C3410C543DE}.Debug|Win32.ActiveCfg = Debug|Win32
		{243FC67C-8BFC-40C5-BE94-1C3410C543DE}.Debug|Win32.Build.0 = Debug|Win32
		{243FC67C-8BFC-40C5-BE94-1C3410C543DE}.Debug|x64.ActiveCfg = Debug|Win32
		{243FC67C-8BFC-40C5-BE94-1C3410C543DE}.Release|ARM.ActiveCfg = Release|Win32
		{243FC67C-8BFC-40C5-BE94-1C3410C543DE}.Release|Win32.ActiveCfg = Release|Win32
		{243FC67C-8BFC-40C5-BE94-1C3410C543DE}.Release|Win32.Build.0 = Release|Win32
		{243FC67C-8BFC-40C5-BE94-1C3410C543DE}.Release|x64.ActiveCfg = Release|Win32
		{EF7002CA-F3E4-49DA-8B1B-8D11A4B984FA}.Debug|ARM.ActiveCfg = Debug|Win32
		{EF7002CA-F3E4-49DA-8B1B-8D11A4B984FA}.Debug|Win32.ActiveCfg = Debug|Win32
		{EF7002CA-F3E4-49DA-8B1B-8D11A4B984FA}.Debug|Win32.Build.0 = Debug|Win32
		{EF7002CA-F3E4-49DA-8B1B-8D11A4B984FA}.Debug|x64.ActiveCfg = Debug|Win32
		{EF7002CA-F3E4-49DA-8B1B-8D11A4B984FA}.Release|ARM.ActiveCfg = Release|Win32
		{EF7002CA-F3E4-49DA-8B1B-8D11A4B984FA}.Release|Win32.ActiveCfg = Release|Win32
		{EF7002CA-F3E4-49DA-8B1B-8D11A4B984FA}.Release|Win32.Build.0 = Release|Win32
		{EF7002CA-F3E4-49DA-8B1B-8D11A4B984FA}.Release|x64.ActiveCfg = Release|Win32
		{8E575F1A-72A2-4B3E-A64A-15C63DE9DD7D}.Debug|ARM.ActiveCfg = Debug|Win32
		{8E575F1A-72A2-4B3E-A64A-15C63DE9DD7D}.Debug|Win32.ActiveCfg = Debug|Win32
		{8E575F1A-72A2-4B3E-A64A-15C63DE9DD7D}.Debug|Win32.Build.0 = Debug|Win32
		{8E575F1A-72A2-4B3E-A64A-15C63DE9DD7D}.Debug|x64.ActiveCfg = Debug|Win32
		{8E575F1A-72A2-4B3E-A64A-15C63DE9DD7D}.Release|ARM.ActiveCfg = Release|Win32
		{8E575F1A-72A2-4B3E-A64A-15C63DE9DD7D}.Release|Win32.ActiveCfg = Release|Win32
		{8E575F1A-72A2-4B3E-A64A-15C63DE9DD7D}.Release|Win32.Build.0 = Release|Win32
		{8E575F1A-72A2-4B3E-A64A-15C63DE9DD7D}.Release|x64.ActiveCfg = Release|Win32
		{8913461B-8C71-48E6-84BA-E6690A5BF63B}.Debug|ARM.ActiveCfg = Debug|Win32
		{8913461B-8C71-48E6-84BA-E6690A5BF63B}.Debug|Win32.ActiveCfg = Debug|Win32
		{8913461B-8C71-48E6-84BA-E6690A5BF63B}.Debug|Win32.Build.0 = Debug|Win32
		{8913461B-8C71-48E6-84BA-E6690A5BF63B}.Debug|x64.ActiveCfg = Debug|Win32
		{8913461B-8C71-48E6-84BA-E6690A5BF63B}.Release|ARM.ActiveCfg = Release|Win32
		{8913461B-8C71-48E6-84BA-E6690A5BF63B}.Release|Win32.ActiveCfg = Release|Win32
		{8913461B-8C71-48E6-84BA-E6690A5BF63B}.Release|Win32.Build.0 = Release|Win32
		{8913461B-8C71-48E6-84BA-E6690A5BF63B}.Release|x64.ActiveCfg = Release|Win32
		{0E64E8CB-C66E-4C2D-BED3-337BBEB14F3C}.Debug|ARM.ActiveCfg = Debug|Win32
		{0E64E8CB-C66E-4C2D-BED3-337BBEB14F3C}.Debug|Win32.ActiveCfg = Debug|Win32
		{0E64E8CB-C66E-4C2D-BED3-337BBEB14F3C}.Debug|Win32.Build.0 = Debug|Win32
		{0E64E8CB-C66E-4C2D-BED3-337BBEB14F3C}.Debug|x64.ActiveCfg = Debug|Win32
		{0E64E8CB-C66E-4C2D-BED3-337BBEB14F3C}.Release|ARM.ActiveCfg = Release|Win32
		{0E64E8CB-C66E-4C2D-BED3-337BBEB14F3C}.Release|Win32.ActiveCfg = Release|Win32
		{0E64E8CB-C66E-4C2D-BED3-337BBEB14F3C}.Release|Win32.Build.0 = Release|Win32
		{0E64E8CB-C66E-4C2D-BED3-337BBEB14F3C}.Release|x64.ActiveCfg = Release|Win32
		{831F7FB8-3AE2-4E09-A26E-E0E1B8B71703}.Debug|ARM.ActiveCfg = Debug|Win32
		{831F7FB8-3AE2-4E09-A26E-E0E1B8B71703}.Debug|Win32.ActiveCfg = Debug|Win32
		{831F7FB8-3AE2-4E09-A26E-E0E1B8B71703}.Debug|Win32.Build.0 = Debug|Win32
		{831F7FB8-3AE2-4E09-A26E-E0E1B8B71703}.Debug|x64.ActiveCfg = Debug|Win32
		{831F7FB8-3AE2-4E09-A26E-E0E1B8B71703}.Release|ARM.ActiveCfg = Release|Win32
		{831F7FB8-3AE2-4E09-A26E-E0E1B8B71703}.Release|Win32.ActiveCfg = Release|Win32
		{831F7FB8-3AE2-4E09-A26E-E0E1B8B71703}.Release|Win32.Build.0 = Release|Win32
		{831F7FB8-3AE2-4E09-A26E-E0E1B8B71703}.Release|x64.ActiveCfg = Release|Win32
		{AC0A8FFC-7DD1-41C8-974C-9B0F97AAE808}.Debug|ARM.ActiveCfg = Debug|Win32
		{AC0A8FFC-7DD1-41C8-974C-9B0F97AAE808}.Debug|Win32.ActiveCfg = Debug|Win32
		{AC0A8FFC-7DD1-41C8-974C-9B0F97AAE808}.Debug|Win32.Build.0 = Debug|Win32
		{AC0A8FFC-7DD1-41C8-974C-9B0F97AAE808}.Debug|x64.ActiveCfg = Debug|Win32
		{AC0A8FFC-7DD1-41C8-974C-9B0F97AAE808}.Release|ARM.ActiveCfg = Release|Win32
		{AC0A8FFC-7DD1-41C8-974C-9B0F97AAE808}.Release|Win32.ActiveCfg = Release|Win32
		{AC0A8FFC-7DD1-41C8-974C-9B0F97AAE808}.Release|Win32.Build.0 = Release|Win32
		{AC0A8FFC-7DD1-41C8-974C-9B0F97AAE808}.Release|x64.ActiveCfg = Release|Win32
		{A1319AC0-7778-4E4D-A6AF-CDA89C2B1AAD}.Debug|ARM.ActiveCfg = Debug|Win32
		{A1319AC0-7778-4E4D-A6AF-CDA89C2B1AAD}.Debug|Win32.ActiveCfg = Debug|Win32
		{A1319AC0-7778-4E4D-A6AF-CDA89C2B1AAD}.Debug|Win32.Build.0 = Debug|Win32
		{A1319AC0-7778-4E4D-A6AF-CDA89C2B1AAD}.Debug|x64.ActiveCfg = Debug|Win32
		{A1319AC0-7778-4E4D-A6AF-CDA89C2B1AAD}.Release|ARM.ActiveCfg = Release|Win32
		{A1319AC0-7778-4E4D-A6AF-CDA89C2B1AAD}.Release|Win32.ActiveCfg = Release|Win32
		{A1319AC0-7778-4E4D-A6AF-CDA89C2B1AAD}.Release|Win32.Build.0 = Release|Win32
		{A1319AC0-7778-4E4D-A6AF-CDA89C2B1AAD}.Release|x64.ActiveCfg = Release|Win32
		{E7FDE3CB-6887-46B1-BCB9-2E4F217E3AA0}.Debug|ARM.ActiveCfg = Debug|Win32
		{E7FDE3CB-6887-46B1-BCB9-2E4F217E3AA0}.Debug|Win32.ActiveCfg = Debug|Win32
		{E7FDE3CB-6887-46B1-BCB9-2E4F217E3AA0}.Debug|Win32.Build.0 = Debug|Win32
		{E7FDE3CB-6887-46B1-BCB9-2E4F217E3AA0}.Debug|x64.ActiveCfg = Debug|Win32
		{E7FDE3CB-6887-46B1-BCB9-2E4F217E3AA0}.Release|ARM.ActiveCfg = Release|Win32
		{E7FDE3CB-6887-46B1-BCB9-2E4F217E3AA0}.Release|Win32.ActiveCfg = Release|Win32
		{E7FDE3CB-6887-46B1-BCB9-2E4F217E3AA0}.Release|Win32.Build.0 = Release|Win32
		{E7FDE3CB-6887-46B1-BCB9-2E4F217E3AA0}.Release|x64.ActiveCfg = Release|Win32
		{802F9278-9FC5-4997-B42B-B763B55D1609}.Debug|ARM.ActiveCfg = Debug|Win32
		{802F9278-9FC5-4997-B42B-B763B55D1609}.Debug|Win32.ActiveCfg = Debug|Win32
		{802F9278-9FC5-4997-B42B-B763B55D1609}.Debug|Win32.Build.0 = Debug|Win32
		{802F9278-9FC5-4997-B42B-B763B55D1609}.Debug|x64.ActiveCfg = Debug|Win32
		{802F9278-9FC5-4997-B42B-B763B55D1609}.Release|ARM.ActiveCfg = Release|Win32
		{802F9278-9FC5-4997-B42B-B763B55D1609}.Release|Win32.ActiveCfg = Release|Win32
		{802F9278-9FC5-4997-B42B-B763B55D1609}.Release|Win32.Build.0 = Release|Win32
		{802F9278-9FC5-4997-B42B-B763B55D1609}.Release|x64.ActiveCfg = Release|Win32
		{E886C5B6-005A-4E79-A0C1-0D4B201E0D4A}.Debug|ARM.ActiveCfg = Debug|Win32
		{E886C5B6-005A-4E79-A0C1-0D4B201E0D4A}.Debug|Win32.ActiveCfg = Debug|Win32
		{E886C5B6-005A-4E79-A0C1-0D4B201E0D4A}.Debug|Win32.Build.0 = Debug|Win32
		{E886C5B6-005A-4E79-A0C1-0D4B201E0D4A}.Debug|x64.ActiveCfg = Debug|Win32
		{E886C5B6-005A-4E79-A0C1-0D4B201E0D4A}.Release|ARM.ActiveCfg = Release|Win32
		{E886C5B6-005A-4E79-A0C1-0D4B201E0D4A}.Release|Win32.ActiveCfg = Release|Win32
		{E886C5B6-005A-4E79-A0C1-0D4B201E0D4A}.Release|Win32.Build.0 = Release|Win32
		{E886C5B6-005A-4E79-A0C1-0D4B201E0D4A}.Release|x64.ActiveCfg = Release|Win32
		{9BCF3D8D-231A-44B8-A46D-10D041689976}.Debug|ARM.ActiveCfg = Debug|Win32
		{9BCF3D8D-231A-44B8-A46D-10D041689976}.Debug|Win32.ActiveCfg = Debug|Win32
		{9BCF3D8D-231A-44B8-A46D-10D041689976}.Debug|Win32.Build.0 = Debug|Win32
		{9BCF3D8D-231A-44B8-A46D-10D041689976}.Debug|x64.ActiveCfg = Debug|Win32
		{9BCF3D8D-231A-44B8-A46D-10D041689976}.Release|ARM.ActiveCfg = Release|Win32
		{9BCF3D8D-231A-44B8-A46D-10D041689976}.Release|Win32.ActiveCfg = Release|Win32
		{9BCF3D8D-231A-44B8-A46D-10D041689976}.Release|Win32.Build.0 = Release|Win32
		{9BCF3D8D-231A-44B8-A46D-10D041689976}.Release|x64.ActiveCfg = Release|Win32
		{CD80BB4B-A761-4C3A-B87A-79DE680C0ABB}.Debug|ARM.ActiveCfg = Debug|Win32
		{CD80BB4B-A761-4C3A-B87A-79DE680C0ABB}.Debug|Win32.ActiveCfg = Debug|Win32
		{CD80BB4B-A761-4C3A-B87A-79DE680C0ABB}.Debug|Win32.Build.0 = Debug|Win32
		{CD80BB4B-A761-4C3A-B87A-79DE680C0ABB}.Debug|x64.ActiveCfg = Debug|Win32
		{CD80BB4B-A761-4C3A-B87A-79DE680C0ABB}.Release|ARM.ActiveCfg = Release|Win32
		{CD80BB4B-A761-4C3A-B87A-79DE680C0ABB}.Release|Win32.ActiveCfg = Release|Win32
		{CD80BB4B-A761-4C3A-B87A-79DE680C0ABB}.Release|Win32.Build.0 = Release|Win32
		{CD80BB4B-A761-4C3A-B87A-79DE680C0ABB}.Release|x64.ActiveCfg = Release|Win32
		{44183764-207A-42F6-91AC-F73284A9D046}.Debug|ARM.ActiveCfg = Debug|Win32
		{44183764-207A-42F6-91AC-F73284A9D046}.Debug|Win32.ActiveCfg = Debug|Win32
		{44183764-207A-42F6-91AC-F73284A9D046}.Debug|Win32.Build.0 = Debug|Win32
		{44183764-207A-42F6-91AC-F73284A9D046}.Debug|x64.ActiveCfg = Debug|Win32
		{44183764-207A-42F6-91AC-F73284A9D046}.Release|ARM.ActiveCfg = Release|Win32
		{44183764-207A-42F6-91AC-F73284A9D046}.Release|Win32.ActiveCfg = Release|Win32
		{44183764-207A-42F6-91AC-F73284A9D046}.Release|Win32.Build.0 = Release|Win32
		{44183764-207A-42F6-91AC-F73284A9D046}.Release|x64.ActiveCfg = Release|Win32
		{58EFEC96-874A-4E22-86F4-04B74FB92C62}.Debug|ARM.ActiveCfg = Debug|Win32
		{58EFEC96-874A-4E22-86F4-04B74FB92C62}.Debug|Win32.ActiveCfg = Debug|Win32
		{58EFEC96-874A-4E22-86F4-04B74FB92C62}.Debug|Win32.Build.0 = Debug|Win32
		{58EFEC96-874A-4E22-86F4-04B74FB92C62}.Debug|x64.ActiveCfg = Debug|Win32
		{58EFEC96-874A-4E22-86F4-04B74FB92C62}.Release|ARM.ActiveCfg = Release|Win32
		{58EFEC96-874A-4E22-86F4-04B74FB92C62}.Release|Win32.ActiveCfg = Release|Win32
		{58EFEC96-874A-4E22-86F4-04B74FB92C62}.Release|Win32.Build.0 = Release|Win32
		{58EFEC96-874A-4E22-86F4-04B74FB92C62}.Release|x64.ActiveCfg = Release|Win32
		{D7D9BD12-62CB-4297-A4C9-783582AC0841}.Debug|ARM.ActiveCfg = Debug|Win32
		{D7D9BD12-62CB-4297-A4C9-783582AC0841}.Debug|Win32.ActiveCfg = Debug|Win32
		{D7D9BD12-62CB-4297-A4C9-783582AC0841}.Debug|Win32.Build.0 = Debug|Win32
		{D7D9BD12-62CB-4297-A4C9-783582AC0841}.Debug|x64.ActiveCfg = Debug|Win32
		{D7D9BD12-62CB-4297-A4C9-783582AC0841}.Release|ARM.ActiveCfg = Release|Win32
		{D7D9BD12-62CB-4297-A4C9-783582AC0841}.Release|Win32.ActiveCfg = Release|Win32
		{D7D9BD12-62CB-4297-A4C9-783582AC0841}.Release|Win32.Build.0 = Release|Win32
		{D7D9BD12-62CB-4297-A4C9-783582AC0841}.Release|x64.ActiveCfg = Release|Win32
		{E50999B0-9B3A-4901-9B2E-A13FB3687167}.Debug|ARM.ActiveCfg = Debug|Win32
		{E50999B0-9B3A-4901-9B2E-A13FB3687167}.Debug|Win32.ActiveCfg = Debug|Win32
		{E50999B0-9B3A-4901-9B2E-A13FB3687167}.Debug|Win32.Build.0 = Debug|Win32
		{E50999B0-9B3A-4901-9B2E-A13FB3687167}.Debug|x64.ActiveCfg = Debug|Win32
		{E50999B0-9B3A-4901-9B2E-A13FB3687167}.Release|ARM.ActiveCfg = Release|Win32
		{E50999B0-9B3A-4901-9B2E-A13FB3687167}.Release|Win32.ActiveCfg = Release|Win32
		{E50999B0-9B3A-4901-9B2E-A13FB3687167}.Release|Win32.Build.0 = Release|Win32
		{E50999B0-9B3A-4901-9B2E-A13FB3687167}.Release|x64.ActiveCfg = Release|Win32
		{D7DAC4BF-ADC2-4738-84C9-1649A93CAD62}.Debug|ARM.ActiveCfg = Debug|Win32
		{D7DAC4BF-ADC2-4738-84C9-1649A93CAD62}.Debug|Win32.ActiveCfg = Debug|Win32
		{D7DAC4BF-ADC2-4738-84C9-1649A93CAD62}.Debug|Win32.Build.0 = Debug|Win32
		{D7DAC4BF-ADC2-4738-84C9-1649A93CAD62}.Debug|x64.ActiveCfg = Debug|Win32
		{D7DAC4BF-ADC2-4738-84C9-1649A93CAD62}.Release|ARM.ActiveCfg = Release|Win32
		{D7DAC4BF-ADC2-4738-84C9-1649A93CAD62}.Release|Win32.ActiveCfg = Release|Win32
		{D7DAC4BF-ADC2-4738-84C9-1649A93CAD62}.Release|Win32.Build.0 = Release|Win32
		{D7DAC4BF-ADC2-4738-84C9-1649A93CAD62}.Release|x64.ActiveCfg = Release|Win32
		{BCBCAD02-4E30-452B-A01D-2E4EC7D6EBFF}.Debug|ARM.ActiveCfg = Debug|Win32
		{BCBCAD02-4E30-452B-A01D-2E4EC7D6EBFF}.Debug|Win32.ActiveCfg = Debug|Win32
		{BCBCAD02-4E30-452B-A01D-2E4EC7D6EBFF}.Debug|Win32.Build.0 = Debug|Win32
		{BCBCAD02-4E30-452B-A01D-2E4EC7D6EBFF}.Debug|x64.ActiveCfg = Debug|Win32
		{BCBCAD02-4E30-452B-A01D-2E4EC7D6EBFF}.Release|ARM.ActiveCfg = Release|Win32
		{BCBCAD02-4E30-452B-A01D-2E4EC7D6EBFF}.Release|Win32.ActiveCfg = Release|Win32
		{BCBCAD02-4E30-452B-A01D-2E4EC7D6EBFF}.Release|Win32.Build.0 = Release|Win32
		{BCBCAD02-4E30-452B-A01D-2E4EC7D6EBFF}.Release|x64.ActiveCfg = Release|Win32
		{2E55F341-E612-494A-90FE-F184FF41F327}.Debug|ARM.ActiveCfg = Debug|Win32
		{2E55F341-E612-494A-90FE-F184FF41F327}.Debug|Win32.ActiveCfg = Debug|Win32
		{2E55F341-E612-494A-90FE-F184FF41F327}.Debug|Win32.Build.0 = Debug|Win32
		{2E55F341-E612-494A-90FE-F184FF41F327}.Debug|x64.ActiveCfg = Debug|Win32
		{2E55F341-E612-494A-90FE-F184FF41F327}.Release|ARM.ActiveCfg = Release|Win32
		{2E55F341-E612-494A-90FE-F184FF41F327}.Release|Win32.ActiveCfg = Release|Win32
		{2E55F341-E612-494A-90FE-F184FF41F327}.Release|Win32.Build.0 = Release|Win32
		{2E55F341-E612-494A-90FE-F184FF41F327}.Release|x64.ActiveCfg = Release|Win32
		{EA9D6892-45B1-47D7-9C41-8400BAB34748}.Debug|ARM.ActiveCfg = Debug|Win32
		{EA9D6892-45B1-47D7-9C41-8400BAB34748}.Debug|Win32.ActiveCfg = Debug|Win32
		{EA9D6892-45B1-47D7-9C41-8400BAB34748}.Debug|Win32.Build.0 = Debug|Win32
		{EA9D6892-45B1-47D7-9C41-8400BAB34748}.Debug|x64.ActiveCfg = Debug|Win32
		{EA9D6892-45B1-47D7-9C41-8400BAB34748}.Release|ARM.ActiveCfg = Release|Win32
		{EA9D6892-45B1-47D7-9C41-8400BAB34748}.Release|Win32.ActiveCfg = Release|Win32
		{EA9D6892-45B1-47D7-9C41-8400BAB34748}.Release|Win32.Build.0 = Release|Win32
		{EA9D6892-45B1-47D7-9C41-8400BAB34748}.Release|x64.ActiveCfg = Release|Win32
		{F85160C5-94D4-4FAD-9772-96C261168E92}.Debug|ARM.ActiveCfg = Debug|Win32
		{F85160C5-94D4-4FAD-9772-96C261168E92}.Debug|Win32.ActiveCfg = Debug|Win32
		{F85160C5-94D4-4FAD-9772-96C261168E92}.Debug|Win32.Build.0 = Debug|Win32
		{F85160C5-94D4-4FAD-9772-96C261168E92}.Debug|x64.ActiveCfg = Debug|Win32
		{F85160C5-94D4-4FAD-9772-96C261168E92}.Release|ARM.ActiveCfg = Release|Win32
		{F85160C5-94D4-4FAD-9772-96C261168E92}.Release|Win32.ActiveCfg = Release|Win32
		{F85160C5-94D4-4FAD-9772-96C261168E92}.Release|Win32.Build.0 = Release|Win32
		{F85160C5-94D4-4FAD-9772-96C261168E92}.Release|x64.ActiveCfg = Release|Win32
		{AFFEB8C1-0B89-48E9-AB2C-DBF0D62DEEBE}.Debug|ARM.ActiveCfg = Debug|Win32
		{AFFEB8C1-0B89-48E9-AB2C-DBF0D62DEEBE}.Debug|Win32.ActiveCfg = Debug|Win32
		{AFFEB8C1-0B89-48E9-AB2C-DBF0D62DEEBE}.Debug|Win32.Build.0 = Debug|Win32
		{AFFEB8C1-0B89-48E9-AB2C-DBF0D62DEEBE}.Debug|x64.ActiveCfg = Debug|Win32
		{AFFEB8C1-0B89-48E9-AB2C-DBF0D62DEEBE}.Release|ARM.ActiveCfg = Release|Win32
		{AFFEB8C1-0B89-48E9-AB2C-DBF0D62DEEBE}.Release|Win32.ActiveCfg = Release|Win32
		{AFFEB8C1-0B89-48E9-AB2C-DBF0D62DEEBE}.Release|Win32.Build.0 = Release|Win32
		{AFFEB8C1-0B89-48E9-AB2C-DBF0D62DEEBE}.Release|x64.ActiveCfg = Release|Win32
		{A6323F01-9708-45D7-B6C5-33997F7B179E}.Debug|ARM.ActiveCfg = Debug|Win32
		{A6323F01-9708-45D7-B6C5-33997F7B179E}.Debug|Win32.ActiveCfg = Debug|Win32
		{A6323F01-9708-45D7-B6C5-33997F7B179E}.Debug|Win32.Build.0 = Debug|Win32
		{A6323F01-9708-45D7-B6C5-33997F7B179E}.Debug|x64.ActiveCfg = Debug|Win32
		{A6323F01-9708-45D7-B6C5-33997F7B179E}.Release|ARM.ActiveCfg = Release|Win32
		{A6323F01-9708-45D7-B6C5-33997F7B179E}.Release|Win32.ActiveCfg = Release|Win32
		{A6323F01-9708-45D7-B6C5-33997F7B179E}.Release|Win32.Build.0 = Release|Win32
		{A6323F01-9708-45D7-B6C5-33997F7B179E}.Release|x64.ActiveCfg = Release|Win32
		{D8CE1B47-6DC9-4F64-A5A6-4D7C55B63A60}.Debug|ARM.ActiveCfg = Debug|Win32
		{D8CE1B47-6DC9-4F64-A5A6-4D7C55B63A60}.Debug|Win32.ActiveCfg = Debug|Win32
		{D8CE1B47-6DC9-4F64-A5A6-4D7C55B63A60}.Debug|Win32.Build.0 = Debug|Win32
		{D8CE1B47-6DC9-4F64-A5A6-4D7C55B63A60}.Debug|x64.ActiveCfg = Debug|Win32
		{D8CE1B47-6DC9-4F64-A5A6-4D7C55B63A60}.Release|ARM.ActiveCfg = Release|Win32
		{D8CE1B47-6DC9-4F64-A5A6-4D7C55B63A60}.Release|Win32.ActiveCfg = Release|Win32
		{D8CE1B47-6DC9-4F64-A5A6-4D7C55B63A60}.Release|Win32.Build.0 = Release|Win32
		{D8CE1B47-6DC9-4F64-A5A6-4D7C55B63A60}.Release|x64.ActiveCfg = Release|Win32
		{A1ECA5F8-C35B-411A-8585-F014D9C2EF06}.Debug|ARM.ActiveCfg = Debug|Win32
		{A1ECA5F8-C35B-411A-8585-F014D9C2EF06}.Debug|Win32.ActiveCfg = Debug|Win32
		{A1ECA5F8-C35B-411A-8585-F014D9C2EF06}.Debug|Win32.Build.0 = Debug|Win32
		{A1ECA5F8-C35B-411A-8585-F014D9C2EF06}.Debug|x64.ActiveCfg = Debug|Win32
		{A1ECA5F8-C35B-411A-8585-F014D9C2EF06}.Release|ARM.ActiveCfg = Release|Win32
		{A1ECA5F8-C35B-411A-8585-F014D9C2EF06}.Release|Win32.ActiveCfg = Release|Win32
		{A1ECA5F8-C35B-411A-8585-F014D9C2EF06}.Release|Win32.Build.0 = Release|Win32
		{A1ECA5F8-C35B-411A-8585-F014D9C2EF06}.Release|x64.ActiveCfg = Release|Win32
		{BEFFECEE-D4C7-4DA7-BA3B-BB18220F34CB}.Debug|ARM.ActiveCfg = Debug|Win32
		{BEFFECEE-D4C7-4DA7-BA3B-BB18220F34CB}.Debug|Win32.ActiveCfg = Debug|Win32
		{BEFFECEE-D4C7-4DA7-BA3B-BB18220F34CB}.Debug|Win32.Build.0 = Debug|Win32
		{BEFFECEE-D4C7-4DA7-BA3B-BB18220F34CB}.Debug|x64.ActiveCfg = Debug|Win32
		{BEFFECEE-D4C7-4DA7-BA3B-BB18220F34CB}.Release|ARM.ActiveCfg = Release|Win32
		{BEFFECEE-D4C7-4DA7-BA3B-BB18220F34CB}.Release|Win32.ActiveCfg = Release|Win32
		{BEFFECEE-D4C7-4DA7-BA3B-BB18220F34CB}.Release|Win32.Build.0 = Release|Win32
		{BEFFECEE-D4C7-4DA7-BA3B-BB18220F34CB}.Release|x64.ActiveCfg = Release|Win32
		{6BFDD5DF-4777-4461-A863-A87904D5CE6C}.Debug|ARM.ActiveCfg = Debug|Win32
		{6BFDD5DF-4777-4461-A863-A87904D5CE6C}.Debug|Win32.ActiveCfg = Debug|Win32
		{6BFDD5DF-4777-4461-A863-A87904D5CE6C}.Debug|Win32.Build.0 = Debug|Win32
		{6BFDD5DF-4777-4461-A863-A87904D5CE6C}.Debug|x64.ActiveCfg = Debug|Win32
		{6BFDD5DF-4777-4461-A863-A87904D5CE6C}.Release|ARM.ActiveCfg = Release|Win32
		{6BFDD5DF-4777-4461-A863-A87904D5CE6C}.Release|Win32.ActiveCfg = Release|Win32
		{6BFDD5DF-4777-4461-A863-A87904D5CE6C}.Release|Win32.Build.0 = Release|Win32
		{6BFDD5DF-4777-4461-A863-A87904D5CE6C}.Release|x64.ActiveCfg = Release|Win32
		{904464C9-1993-4DD7-8E62-EC9B42AB9AEB}.Debug|ARM.ActiveCfg = Debug|Win32
		{904464C9-1993-4DD7-8E62-EC9B42AB9AEB}.Debug|Win32.ActiveCfg = Debug|Win32
		{904464C9-1993-4DD7-8E62-EC9B42AB9AEB}.Debug|Win32.Build.0 = Debug|Win32
		{904464C9-1993-4DD7-8E62-EC9B42AB9AEB}.Debug|x64.ActiveCfg = Debug|Win32
		{904464C9-1993-4DD7-8E62-EC9B42AB9AEB}.Release|ARM.ActiveCfg = Release|Win32
		{904464C9-1993-4DD7-8E62-EC9B42AB9AEB}.Release|Win32.ActiveCfg = Release|Win32
		{904464C9-1993-4DD7-8E62-EC9B42AB9AEB}.Release|Win32.Build.0 = Release|Win32
		{904464C9-1993-4DD7-8E62-EC9B42AB9AEB}.Release|x64.ActiveCfg = Release|Win32
		{C982649E-2D19-44D8-A866-7C52CE5E102F}.Debug|ARM.ActiveCfg = Debug|Win32
		{C982649E-2D19-44D8-A866-7C52CE5E102F}.Debug|Win32.ActiveCfg = Debug|Win32
		{C982649E-2D19-44D8-A866-7C52CE5E102F}.Debug|Win32.Build.0 = Debug|Win32
		{C982649E-2D19-44D8-A866-7C52CE5E102F}.Debug|x64.ActiveCfg = Debug|Win32
		{C982649E-2D19-44D8-A866-7C52CE5E102F}.Release|ARM.ActiveCfg = Release|Win32
		{C982649E-2D19-44D8-A866-7C52CE5E102F}.Release|Win32.ActiveCfg = Release|Win32
		{C982649E-2D19-44D8-A866-7C52CE5E102F}.Release|Win32.Build.0 = Release|Win32
		{C982649E-2D19-44D8-A866-7C52CE5E102F}.Release|x64.ActiveCfg = Release|Win32
		{A5662147-B968-412D-A2A5-39EC31A50597}.Debug|ARM.ActiveCfg = Debug|Win32
		{A5662147-B968-412D-A2A5-39EC31A50597}.Debug|Win32.ActiveCfg = Debug|Win32
		{A5662147-B968-412D-A2A5-39EC31A50597}.Debug|Win32.Build.0 = Debug|Win32
		{A5662147-B968-412D-A2A5-39EC31A50597}.Debug|x64.ActiveCfg = Debug|Win32
		{A5662147-B968-412D-A2A5-39EC31A50597}.Release|ARM.ActiveCfg = Release|Win32
		{A5662147-B968-412D-A2A5-39EC31A50597}.Release|Win32.ActiveCfg = Release|Win32
		{A5662147-B968-412D-A2A5-39EC31A50597}.Release|Win32.Build.0 = Release|Win32
		{A5662147-B968-412D-A2A5-39EC31A50597}.Release|x64.ActiveCfg = Release|Win32
	EndGlobalSection
	GlobalSection(SolutionProperties) = preSolution
		HideSolutionNode = FALSE
	EndGlobalSection
EndGlobal
